
Microsoft Visual Studio Solution File, Format Version 12.00
# Visual Studio Version 16
VisualStudioVersion = 16.0.31515.178
MinimumVisualStudioVersion = 10.0.40219.1
Project("{FAE04EC0-301F-11D3-BF4B-00C04F79EFBC}") = "nombre_Magic", "nombre_Magic\nombre_Magic.csproj", "{0D3EBF44-FC46-4047-9D30-949FB3823DEF}"
EndProject
Global
	GlobalSection(SolutionConfigurationPlatforms) = preSolution
		Debug|Any CPU = Debug|Any CPU
		Release|Any CPU = Release|Any CPU
	EndGlobalSection
	GlobalSection(ProjectConfigurationPlatforms) = postSolution
		{0D3EBF44-FC46-4047-9D30-949FB3823DEF}.Debug|Any CPU.ActiveCfg = Debug|Any CPU
		{0D3EBF44-FC46-4047-9D30-949FB3823DEF}.Debug|Any CPU.Build.0 = Debug|Any CPU
		{0D3EBF44-FC46-4047-9D30-949FB3823DEF}.Release|Any CPU.ActiveCfg = Release|Any CPU
		{0D3EBF44-FC46-4047-9D30-949FB3823DEF}.Release|Any CPU.Build.0 = Release|Any CPU
	EndGlobalSection
	GlobalSection(SolutionProperties) = preSolution
		HideSolutionNode = FALSE
	EndGlobalSection
	GlobalSection(ExtensibilityGlobals) = postSolution
		SolutionGuid = {04C5379D-7435-492F-99B5-772EA12EED67}
	EndGlobalSection
EndGlobal
