
Microsoft Visual Studio Solution File, Format Version 12.00
# Visual Studio Version 16
VisualStudioVersion = 16.0.31515.178
MinimumVisualStudioVersion = 10.0.40219.1
Project("{FAE04EC0-301F-11D3-BF4B-00C04F79EFBC}") = "programme_Json", "programme_Json\programme_Json.csproj", "{4F966273-B492-4BA2-942A-186DC42F6E7B}"
EndProject
Global
	GlobalSection(SolutionConfigurationPlatforms) = preSolution
		Debug|Any CPU = Debug|Any CPU
		Release|Any CPU = Release|Any CPU
	EndGlobalSection
	GlobalSection(ProjectConfigurationPlatforms) = postSolution
		{4F966273-B492-4BA2-942A-186DC42F6E7B}.Debug|Any CPU.ActiveCfg = Debug|Any CPU
		{4F966273-B492-4BA2-942A-186DC42F6E7B}.Debug|Any CPU.Build.0 = Debug|Any CPU
		{4F966273-B492-4BA2-942A-186DC42F6E7B}.Release|Any CPU.ActiveCfg = Release|Any CPU
		{4F966273-B492-4BA2-942A-186DC42F6E7B}.Release|Any CPU.Build.0 = Release|Any CPU
	EndGlobalSection
	GlobalSection(SolutionProperties) = preSolution
		HideSolutionNode = FALSE
	EndGlobalSection
	GlobalSection(ExtensibilityGlobals) = postSolution
		SolutionGuid = {54D24A4D-457A-484C-B56F-8FDE16B91FA0}
	EndGlobalSection
EndGlobal
