
Microsoft Visual Studio Solution File, Format Version 12.00
# Visual Studio Version 16
VisualStudioVersion = 16.0.31515.178
MinimumVisualStudioVersion = 10.0.40219.1
Project("{FAE04EC0-301F-11D3-BF4B-00C04F79EFBC}") = "jeux_de_Math", "jeux_de_Math\jeux_de_Math.csproj", "{1E05857B-ABB9-4E3B-A811-DF1DB95EAB1C}"
EndProject
Global
	GlobalSection(SolutionConfigurationPlatforms) = preSolution
		Debug|Any CPU = Debug|Any CPU
		Release|Any CPU = Release|Any CPU
	EndGlobalSection
	GlobalSection(ProjectConfigurationPlatforms) = postSolution
		{1E05857B-ABB9-4E3B-A811-DF1DB95EAB1C}.Debug|Any CPU.ActiveCfg = Debug|Any CPU
		{1E05857B-ABB9-4E3B-A811-DF1DB95EAB1C}.Debug|Any CPU.Build.0 = Debug|Any CPU
		{1E05857B-ABB9-4E3B-A811-DF1DB95EAB1C}.Release|Any CPU.ActiveCfg = Release|Any CPU
		{1E05857B-ABB9-4E3B-A811-DF1DB95EAB1C}.Release|Any CPU.Build.0 = Release|Any CPU
	EndGlobalSection
	GlobalSection(SolutionProperties) = preSolution
		HideSolutionNode = FALSE
	EndGlobalSection
	GlobalSection(ExtensibilityGlobals) = postSolution
		SolutionGuid = {298591EA-7633-4894-BD19-0799CEF07121}
	EndGlobalSection
EndGlobal
